
Microsoft Visual Studio Solution File, Format Version 12.00
# Visual Studio Version 16
VisualStudioVersion = 16.0.30717.126
MinimumVisualStudioVersion = 10.0.40219.1
Project("{FAE04EC0-301F-11D3-BF4B-00C04F79EFBC}") = "FinalGeneric", "FinalGeneric\FinalGeneric.csproj", "{5C744A9E-AC17-4549-B5C0-88F2AAEC646B}"
EndProject
Global
	GlobalSection(SolutionConfigurationPlatforms) = preSolution
		Debug|Any CPU = Debug|Any CPU
		Release|Any CPU = Release|Any CPU
	EndGlobalSection
	GlobalSection(ProjectConfigurationPlatforms) = postSolution
		{5C744A9E-AC17-4549-B5C0-88F2AAEC646B}.Debug|Any CPU.ActiveCfg = Debug|Any CPU
		{5C744A9E-AC17-4549-B5C0-88F2AAEC646B}.Debug|Any CPU.Build.0 = Debug|Any CPU
		{5C744A9E-AC17-4549-B5C0-88F2AAEC646B}.Release|Any CPU.ActiveCfg = Release|Any CPU
		{5C744A9E-AC17-4549-B5C0-88F2AAEC646B}.Release|Any CPU.Build.0 = Release|Any CPU
	EndGlobalSection
	GlobalSection(SolutionProperties) = preSolution
		HideSolutionNode = FALSE
	EndGlobalSection
	GlobalSection(ExtensibilityGlobals) = postSolution
		SolutionGuid = {EFE94FA5-5B3D-4D41-BB85-16BE693C6585}
	EndGlobalSection
EndGlobal
